
Microsoft Visual Studio Solution File, Format Version 12.00
# Visual Studio Version 17
VisualStudioVersion = 17.7.34202.233
MinimumVisualStudioVersion = 10.0.40219.1
Project("{FAE04EC0-301F-11D3-BF4B-00C04F79EFBC}") = "WebApplication5", "WebApplication5\WebApplication5.csproj", "{A4190D7E-F7E8-49EA-8800-A28A94E1CE1C}"
EndProject
Global
	GlobalSection(SolutionConfigurationPlatforms) = preSolution
		Debug|Any CPU = Debug|Any CPU
		Release|Any CPU = Release|Any CPU
	EndGlobalSection
	GlobalSection(ProjectConfigurationPlatforms) = postSolution
		{A4190D7E-F7E8-49EA-8800-A28A94E1CE1C}.Debug|Any CPU.ActiveCfg = Debug|Any CPU
		{A4190D7E-F7E8-49EA-8800-A28A94E1CE1C}.Debug|Any CPU.Build.0 = Debug|Any CPU
		{A4190D7E-F7E8-49EA-8800-A28A94E1CE1C}.Release|Any CPU.ActiveCfg = Release|Any CPU
		{A4190D7E-F7E8-49EA-8800-A28A94E1CE1C}.Release|Any CPU.Build.0 = Release|Any CPU
	EndGlobalSection
	GlobalSection(SolutionProperties) = preSolution
		HideSolutionNode = FALSE
	EndGlobalSection
	GlobalSection(ExtensibilityGlobals) = postSolution
		SolutionGuid = {BC8DEA89-BEB8-4F3F-B841-FAA16CC3DFE3}
	EndGlobalSection
EndGlobal
